// !$*UTF8*$!
{
	archiveVersion = 1;
	classes = {
	};
	objectVersion = 48;
	objects = {

/* Begin PBXBuildFile section */
		961C00D71FF23A2600FD2992 /* YJAddressCell.m in Sources */ = {isa = PBXBuildFile; fileRef = 961C00D61FF23A2600FD2992 /* YJAddressCell.m */; };
		962F66181FECA88E00F1FF89 /* Address.plist in Resources */ = {isa = PBXBuildFile; fileRef = 962F66171FECA88E00F1FF89 /* Address.plist */; };
		96B503601FEB62D500977BA2 /* AppDelegate.m in Sources */ = {isa = PBXBuildFile; fileRef = 96B5035F1FEB62D500977BA2 /* AppDelegate.m */; };
		96B503631FEB62D500977BA2 /* ViewController.m in Sources */ = {isa = PBXBuildFile; fileRef = 96B503621FEB62D500977BA2 /* ViewController.m */; };
		96B503661FEB62D500977BA2 /* Main.storyboard in Resources */ = {isa = PBXBuildFile; fileRef = 96B503641FEB62D500977BA2 /* Main.storyboard */; };
		96B503681FEB62D500977BA2 /* Assets.xcassets in Resources */ = {isa = PBXBuildFile; fileRef = 96B503671FEB62D500977BA2 /* Assets.xcassets */; };
		96B5036B1FEB62D500977BA2 /* LaunchScreen.storyboard in Resources */ = {isa = PBXBuildFile; fileRef = 96B503691FEB62D500977BA2 /* LaunchScreen.storyboard */; };
		96B5036E1FEB62D500977BA2 /* main.m in Sources */ = {isa = PBXBuildFile; fileRef = 96B5036D1FEB62D500977BA2 /* main.m */; };
		96B503781FEB62D500977BA2 /* YJJingDongAddressDemoTests.m in Sources */ = {isa = PBXBuildFile; fileRef = 96B503771FEB62D500977BA2 /* YJJingDongAddressDemoTests.m */; };
		96B503831FEB62D500977BA2 /* YJJingDongAddressDemoUITests.m in Sources */ = {isa = PBXBuildFile; fileRef = 96B503821FEB62D500977BA2 /* YJJingDongAddressDemoUITests.m */; };
		96B503921FEB630C00977BA2 /* YJAddressView.m in Sources */ = {isa = PBXBuildFile; fileRef = 96B503911FEB630C00977BA2 /* YJAddressView.m */; };
/* End PBXBuildFile section */

/* Begin PBXContainerItemProxy section */
		96B503741FEB62D500977BA2 /* PBXContainerItemProxy */ = {
			isa = PBXContainerItemProxy;
			containerPortal = 96B503531FEB62D500977BA2 /* Project object */;
			proxyType = 1;
			remoteGlobalIDString = 96B5035A1FEB62D500977BA2;
			remoteInfo = YJJingDongAddressDemo;
		};
		96B5037F1FEB62D500977BA2 /* PBXContainerItemProxy */ = {
			isa = PBXContainerItemProxy;
			containerPortal = 96B503531FEB62D500977BA2 /* Project object */;
			proxyType = 1;
			remoteGlobalIDString = 96B5035A1FEB62D500977BA2;
			remoteInfo = YJJingDongAddressDemo;
		};
/* End PBXContainerItemProxy section */

/* Begin PBXFileReference section */
		961C00D51FF23A2600FD2992 /* YJAddressCell.h */ = {isa = PBXFileReference; lastKnownFileType = sourcecode.c.h; path = YJAddressCell.h; sourceTree = "<group>"; };
		961C00D61FF23A2600FD2992 /* YJAddressCell.m */ = {isa = PBXFileReference; lastKnownFileType = sourcecode.c.objc; path = YJAddressCell.m; sourceTree = "<group>"; };
		962F66171FECA88E00F1FF89 /* Address.plist */ = {isa = PBXFileReference; fileEncoding = 4; lastKnownFileType = text.plist.xml; path = Address.plist; sourceTree = "<group>"; };
		96B5035B1FEB62D500977BA2 /* YJJingDongAddressDemo.app */ = {isa = PBXFileReference; explicitFileType = wrapper.application; includeInIndex = 0; path = YJJingDongAddressDemo.app; sourceTree = BUILT_PRODUCTS_DIR; };
		96B5035E1FEB62D500977BA2 /* AppDelegate.h */ = {isa = PBXFileReference; lastKnownFileType = sourcecode.c.h; path = AppDelegate.h; sourceTree = "<group>"; };
		96B5035F1FEB62D500977BA2 /* AppDelegate.m */ = {isa = PBXFileReference; lastKnownFileType = sourcecode.c.objc; path = AppDelegate.m; sourceTree = "<group>"; };
		96B503611FEB62D500977BA2 /* ViewController.h */ = {isa = PBXFileReference; lastKnownFileType = sourcecode.c.h; path = ViewController.h; sourceTree = "<group>"; };
		96B503621FEB62D500977BA2 /* ViewController.m */ = {isa = PBXFileReference; lastKnownFileType = sourcecode.c.objc; path = ViewController.m; sourceTree = "<group>"; };
		96B503651FEB62D500977BA2 /* Base */ = {isa = PBXFileReference; lastKnownFileType = file.storyboard; name = Base; path = Base.lproj/Main.storyboard; sourceTree = "<group>"; };
		96B503671FEB62D500977BA2 /* Assets.xcassets */ = {isa = PBXFileReference; lastKnownFileType = folder.assetcatalog; path = Assets.xcassets; sourceTree = "<group>"; };
		96B5036A1FEB62D500977BA2 /* Base */ = {isa = PBXFileReference; lastKnownFileType = file.storyboard; name = Base; path = Base.lproj/LaunchScreen.storyboard; sourceTree = "<group>"; };
		96B5036C1FEB62D500977BA2 /* Info.plist */ = {isa = PBXFileReference; lastKnownFileType = text.plist.xml; path = Info.plist; sourceTree = "<group>"; };
		96B5036D1FEB62D500977BA2 /* main.m */ = {isa = PBXFileReference; lastKnownFileType = sourcecode.c.objc; path = main.m; sourceTree = "<group>"; };
		96B503731FEB62D500977BA2 /* YJJingDongAddressDemoTests.xctest */ = {isa = PBXFileReference; explicitFileType = wrapper.cfbundle; includeInIndex = 0; path = YJJingDongAddressDemoTests.xctest; sourceTree = BUILT_PRODUCTS_DIR; };
		96B503771FEB62D500977BA2 /* YJJingDongAddressDemoTests.m */ = {isa = PBXFileReference; lastKnownFileType = sourcecode.c.objc; path = YJJingDongAddressDemoTests.m; sourceTree = "<group>"; };
		96B503791FEB62D500977BA2 /* Info.plist */ = {isa = PBXFileReference; lastKnownFileType = text.plist.xml; path = Info.plist; sourceTree = "<group>"; };
		96B5037E1FEB62D500977BA2 /* YJJingDongAddressDemoUITests.xctest */ = {isa = PBXFileReference; explicitFileType = wrapper.cfbundle; includeInIndex = 0; path = YJJingDongAddressDemoUITests.xctest; sourceTree = BUILT_PRODUCTS_DIR; };
		96B503821FEB62D500977BA2 /* YJJingDongAddressDemoUITests.m */ = {isa = PBXFileReference; lastKnownFileType = sourcecode.c.objc; path = YJJingDongAddressDemoUITests.m; sourceTree = "<group>"; };
		96B503841FEB62D500977BA2 /* Info.plist */ = {isa = PBXFileReference; lastKnownFileType = text.plist.xml; path = Info.plist; sourceTree = "<group>"; };
		96B503901FEB630C00977BA2 /* YJAddressView.h */ = {isa = PBXFileReference; lastKnownFileType = sourcecode.c.h; path = YJAddressView.h; sourceTree = "<group>"; };
		96B503911FEB630C00977BA2 /* YJAddressView.m */ = {isa = PBXFileReference; lastKnownFileType = sourcecode.c.objc; path = YJAddressView.m; sourceTree = "<group>"; };
/* End PBXFileReference section */

/* Begin PBXFrameworksBuildPhase section */
		96B503581FEB62D500977BA2 /* Frameworks */ = {
			isa = PBXFrameworksBuildPhase;
			buildActionMask = 2147483647;
			files = (
			);
			runOnlyForDeploymentPostprocessing = 0;
		};
		96B503701FEB62D500977BA2 /* Frameworks */ = {
			isa = PBXFrameworksBuildPhase;
			buildActionMask = 2147483647;
			files = (
			);
			runOnlyForDeploymentPostprocessing = 0;
		};
		96B5037B1FEB62D500977BA2 /* Frameworks */ = {
			isa = PBXFrameworksBuildPhase;
			buildActionMask = 2147483647;
			files = (
			);
			runOnlyForDeploymentPostprocessing = 0;
		};
/* End PBXFrameworksBuildPhase section */

/* Begin PBXGroup section */
		96B503521FEB62D500977BA2 = {
			isa = PBXGroup;
			children = (
				96B5035D1FEB62D500977BA2 /* YJJingDongAddressDemo */,
				96B503761FEB62D500977BA2 /* YJJingDongAddressDemoTests */,
				96B503811FEB62D500977BA2 /* YJJingDongAddressDemoUITests */,
				96B5035C1FEB62D500977BA2 /* Products */,
			);
			sourceTree = "<group>";
		};
		96B5035C1FEB62D500977BA2 /* Products */ = {
			isa = PBXGroup;
			children = (
				96B5035B1FEB62D500977BA2 /* YJJingDongAddressDemo.app */,
				96B503731FEB62D500977BA2 /* YJJingDongAddressDemoTests.xctest */,
				96B5037E1FEB62D500977BA2 /* YJJingDongAddressDemoUITests.xctest */,
			);
			name = Products;
			sourceTree = "<group>";
		};
		96B5035D1FEB62D500977BA2 /* YJJingDongAddressDemo */ = {
			isa = PBXGroup;
			children = (
				962F66171FECA88E00F1FF89 /* Address.plist */,
				96B5035E1FEB62D500977BA2 /* AppDelegate.h */,
				96B5035F1FEB62D500977BA2 /* AppDelegate.m */,
				96B503611FEB62D500977BA2 /* ViewController.h */,
				96B503621FEB62D500977BA2 /* ViewController.m */,
				96B503901FEB630C00977BA2 /* YJAddressView.h */,
				96B503911FEB630C00977BA2 /* YJAddressView.m */,
				961C00D51FF23A2600FD2992 /* YJAddressCell.h */,
				961C00D61FF23A2600FD2992 /* YJAddressCell.m */,
				96B503641FEB62D500977BA2 /* Main.storyboard */,
				96B503671FEB62D500977BA2 /* Assets.xcassets */,
				96B503691FEB62D500977BA2 /* LaunchScreen.storyboard */,
				96B5036C1FEB62D500977BA2 /* Info.plist */,
				96B5036D1FEB62D500977BA2 /* main.m */,
			);
			path = YJJingDongAddressDemo;
			sourceTree = "<group>";
		};
		96B503761FEB62D500977BA2 /* YJJingDongAddressDemoTests */ = {
			isa = PBXGroup;
			children = (
				96B503771FEB62D500977BA2 /* YJJingDongAddressDemoTests.m */,
				96B503791FEB62D500977BA2 /* Info.plist */,
			);
			path = YJJingDongAddressDemoTests;
			sourceTree = "<group>";
		};
		96B503811FEB62D500977BA2 /* YJJingDongAddressDemoUITests */ = {
			isa = PBXGroup;
			children = (
				96B503821FEB62D500977BA2 /* YJJingDongAddressDemoUITests.m */,
				96B503841FEB62D500977BA2 /* Info.plist */,
			);
			path = YJJingDongAddressDemoUITests;
			sourceTree = "<group>";
		};
/* End PBXGroup section */

/* Begin PBXNativeTarget section */
		96B5035A1FEB62D500977BA2 /* YJJingDongAddressDemo */ = {
			isa = PBXNativeTarget;
			buildConfigurationList = 96B503871FEB62D500977BA2 /* Build configuration list for PBXNativeTarget "YJJingDongAddressDemo" */;
			buildPhases = (
				96B503571FEB62D500977BA2 /* Sources */,
				96B503581FEB62D500977BA2 /* Frameworks */,
				96B503591FEB62D500977BA2 /* Resources */,
			);
			buildRules = (
			);
			dependencies = (
			);
			name = YJJingDongAddressDemo;
			productName = YJJingDongAddressDemo;
			productReference = 96B5035B1FEB62D500977BA2 /* YJJingDongAddressDemo.app */;
			productType = "com.apple.product-type.application";
		};
		96B503721FEB62D500977BA2 /* YJJingDongAddressDemoTests */ = {
			isa = PBXNativeTarget;
			buildConfigurationList = 96B5038A1FEB62D500977BA2 /* Build configuration list for PBXNativeTarget "YJJingDongAddressDemoTests" */;
			buildPhases = (
				96B5036F1FEB62D500977BA2 /* Sources */,
				96B503701FEB62D500977BA2 /* Frameworks */,
				96B503711FEB62D500977BA2 /* Resources */,
			);
			buildRules = (
			);
			dependencies = (
				96B503751FEB62D500977BA2 /* PBXTargetDependency */,
			);
			name = YJJingDongAddressDemoTests;
			productName = YJJingDongAddressDemoTests;
			productReference = 96B503731FEB62D500977BA2 /* YJJingDongAddressDemoTests.xctest */;
			productType = "com.apple.product-type.bundle.unit-test";
		};
		96B5037D1FEB62D500977BA2 /* YJJingDongAddressDemoUITests */ = {
			isa = PBXNativeTarget;
			buildConfigurationList = 96B5038D1FEB62D500977BA2 /* Build configuration list for PBXNativeTarget "YJJingDongAddressDemoUITests" */;
			buildPhases = (
				96B5037A1FEB62D500977BA2 /* Sources */,
				96B5037B1FEB62D500977BA2 /* Frameworks */,
				96B5037C1FEB62D500977BA2 /* Resources */,
			);
			buildRules = (
			);
			dependencies = (
				96B503801FEB62D500977BA2 /* PBXTargetDependency */,
			);
			name = YJJingDongAddressDemoUITests;
			productName = YJJingDongAddressDemoUITests;
			productReference = 96B5037E1FEB62D500977BA2 /* YJJingDongAddressDemoUITests.xctest */;
			productType = "com.apple.product-type.bundle.ui-testing";
		};
/* End PBXNativeTarget section */

/* Begin PBXProject section */
		96B503531FEB62D500977BA2 /* Project object */ = {
			isa = PBXProject;
			attributes = {
				LastUpgradeCheck = 0920;
				ORGANIZATIONNAME = xiangtai;
				TargetAttributes = {
					96B5035A1FEB62D500977BA2 = {
						CreatedOnToolsVersion = 9.2;
						ProvisioningStyle = Automatic;
					};
					96B503721FEB62D500977BA2 = {
						CreatedOnToolsVersion = 9.2;
						ProvisioningStyle = Automatic;
						TestTargetID = 96B5035A1FEB62D500977BA2;
					};
					96B5037D1FEB62D500977BA2 = {
						CreatedOnToolsVersion = 9.2;
						ProvisioningStyle = Automatic;
						TestTargetID = 96B5035A1FEB62D500977BA2;
					};
				};
			};
			buildConfigurationList = 96B503561FEB62D500977BA2 /* Build configuration list for PBXProject "YJJingDongAddressDemo" */;
			compatibilityVersion = "Xcode 8.0";
			developmentRegion = en;
			hasScannedForEncodings = 0;
			knownRegions = (
				en,
				Base,
			);
			mainGroup = 96B503521FEB62D500977BA2;
			productRefGroup = 96B5035C1FEB62D500977BA2 /* Products */;
			projectDirPath = "";
			projectRoot = "";
			targets = (
				96B5035A1FEB62D500977BA2 /* YJJingDongAddressDemo */,
				96B503721FEB62D500977BA2 /* YJJingDongAddressDemoTests */,
				96B5037D1FEB62D500977BA2 /* YJJingDongAddressDemoUITests */,
			);
		};
/* End PBXProject section */

/* Begin PBXResourcesBuildPhase section */
		96B503591FEB62D500977BA2 /* Resources */ = {
			isa = PBXResourcesBuildPhase;
			buildActionMask = 2147483647;
			files = (
				96B5036B1FEB62D500977BA2 /* LaunchScreen.storyboard in Resources */,
				962F66181FECA88E00F1FF89 /* Address.plist in Resources */,
				96B503681FEB62D500977BA2 /* Assets.xcassets in Resources */,
				96B503661FEB62D500977BA2 /* Main.storyboard in Resources */,
			);
			runOnlyForDeploymentPostprocessing = 0;
		};
		96B503711FEB62D500977BA2 /* Resources */ = {
			isa = PBXResourcesBuildPhase;
			buildActionMask = 2147483647;
			files = (
			);
			runOnlyForDeploymentPostprocessing = 0;
		};
		96B5037C1FEB62D500977BA2 /* Resources */ = {
			isa = PBXResourcesBuildPhase;
			buildActionMask = 2147483647;
			files = (
			);
			runOnlyForDeploymentPostprocessing = 0;
		};
/* End PBXResourcesBuildPhase section */

/* Begin PBXSourcesBuildPhase section */
		96B503571FEB62D500977BA2 /* Sources */ = {
			isa = PBXSourcesBuildPhase;
			buildActionMask = 2147483647;
			files = (
				96B503631FEB62D500977BA2 /* ViewController.m in Sources */,
				961C00D71FF23A2600FD2992 /* YJAddressCell.m in Sources */,
				96B5036E1FEB62D500977BA2 /* main.m in Sources */,
				96B503921FEB630C00977BA2 /* YJAddressView.m in Sources */,
				96B503601FEB62D500977BA2 /* AppDelegate.m in Sources */,
			);
			runOnlyForDeploymentPostprocessing = 0;
		};
		96B5036F1FEB62D500977BA2 /* Sources */ = {
			isa = PBXSourcesBuildPhase;
			buildActionMask = 2147483647;
			files = (
				96B503781FEB62D500977BA2 /* YJJingDongAddressDemoTests.m in Sources */,
			);
			runOnlyForDeploymentPostprocessing = 0;
		};
		96B5037A1FEB62D500977BA2 /* Sources */ = {
			isa = PBXSourcesBuildPhase;
			buildActionMask = 2147483647;
			files = (
				96B503831FEB62D500977BA2 /* YJJingDongAddressDemoUITests.m in Sources */,
			);
			runOnlyForDeploymentPostprocessing = 0;
		};
/* End PBXSourcesBuildPhase section */

/* Begin PBXTargetDependency section */
		96B503751FEB62D500977BA2 /* PBXTargetDependency */ = {
			isa = PBXTargetDependency;
			target = 96B5035A1FEB62D500977BA2 /* YJJingDongAddressDemo */;
			targetProxy = 96B503741FEB62D500977BA2 /* PBXContainerItemProxy */;
		};
		96B503801FEB62D500977BA2 /* PBXTargetDependency */ = {
			isa = PBXTargetDependency;
			target = 96B5035A1FEB62D500977BA2 /* YJJingDongAddressDemo */;
			targetProxy = 96B5037F1FEB62D500977BA2 /* PBXContainerItemProxy */;
		};
/* End PBXTargetDependency section */

/* Begin PBXVariantGroup section */
		96B503641FEB62D500977BA2 /* Main.storyboard */ = {
			isa = PBXVariantGroup;
			children = (
				96B503651FEB62D500977BA2 /* Base */,
			);
			name = Main.storyboard;
			sourceTree = "<group>";
		};
		96B503691FEB62D500977BA2 /* LaunchScreen.storyboard */ = {
			isa = PBXVariantGroup;
			children = (
				96B5036A1FEB62D500977BA2 /* Base */,
			);
			name = LaunchScreen.storyboard;
			sourceTree = "<group>";
		};
/* End PBXVariantGroup section */

/* Begin XCBuildConfiguration section */
		96B503851FEB62D500977BA2 /* Debug */ = {
			isa = XCBuildConfiguration;
			buildSettings = {
				ALWAYS_SEARCH_USER_PATHS = NO;
				CLANG_ANALYZER_NONNULL = YES;
				CLANG_ANALYZER_NUMBER_OBJECT_CONVERSION = YES_AGGRESSIVE;
				CLANG_CXX_LANGUAGE_STANDARD = "gnu++14";
				CLANG_CXX_LIBRARY = "libc++";
				CLANG_ENABLE_MODULES = YES;
				CLANG_ENABLE_OBJC_ARC = YES;
				CLANG_WARN_BLOCK_CAPTURE_AUTORELEASING = YES;
				CLANG_WARN_BOOL_CONVERSION = YES;
				CLANG_WARN_COMMA = YES;
				CLANG_WARN_CONSTANT_CONVERSION = YES;
				CLANG_WARN_DIRECT_OBJC_ISA_USAGE = YES_ERROR;
				CLANG_WARN_DOCUMENTATION_COMMENTS = YES;
				CLANG_WARN_EMPTY_BODY = YES;
				CLANG_WARN_ENUM_CONVERSION = YES;
				CLANG_WARN_INFINITE_RECURSION = YES;
				CLANG_WARN_INT_CONVERSION = YES;
				CLANG_WARN_NON_LITERAL_NULL_CONVERSION = YES;
				CLANG_WARN_OBJC_LITERAL_CONVERSION = YES;
				CLANG_WARN_OBJC_ROOT_CLASS = YES_ERROR;
				CLANG_WARN_RANGE_LOOP_ANALYSIS = YES;
				CLANG_WARN_STRICT_PROTOTYPES = YES;
				CLANG_WARN_SUSPICIOUS_MOVE = YES;
				CLANG_WARN_UNGUARDED_AVAILABILITY = YES_AGGRESSIVE;
				CLANG_WARN_UNREACHABLE_CODE = YES;
				CLANG_WARN__DUPLICATE_METHOD_MATCH = YES;
				CODE_SIGN_IDENTITY = "iPhone Developer";
				COPY_PHASE_STRIP = NO;
				DEBUG_INFORMATION_FORMAT = dwarf;
				ENABLE_STRICT_OBJC_MSGSEND = YES;
				ENABLE_TESTABILITY = YES;
				GCC_C_LANGUAGE_STANDARD = gnu11;
				GCC_DYNAMIC_NO_PIC = NO;
				GCC_NO_COMMON_BLOCKS = YES;
				GCC_OPTIMIZATION_LEVEL = 0;
				GCC_PREPROCESSOR_DEFINITIONS = (
					"DEBUG=1",
					"$(inherited)",
				);
				GCC_WARN_64_TO_32_BIT_CONVERSION = YES;
				GCC_WARN_ABOUT_RETURN_TYPE = YES_ERROR;
				GCC_WARN_UNDECLARED_SELECTOR = YES;
				GCC_WARN_UNINITIALIZED_AUTOS = YES_AGGRESSIVE;
				GCC_WARN_UNUSED_FUNCTION = YES;
				GCC_WARN_UNUSED_VARIABLE = YES;
				IPHONEOS_DEPLOYMENT_TARGET = 11.2;
				MTL_ENABLE_DEBUG_INFO = YES;
				ONLY_ACTIVE_ARCH = YES;
				SDKROOT = iphoneos;
			};
			name = Debug;
		};
		96B503861FEB62D500977BA2 /* Release */ = {
			isa = XCBuildConfiguration;
			buildSettings = {
				ALWAYS_SEARCH_USER_PATHS = NO;
				CLANG_ANALYZER_NONNULL = YES;
				CLANG_ANALYZER_NUMBER_OBJECT_CONVERSION = YES_AGGRESSIVE;
				CLANG_CXX_LANGUAGE_STANDARD = "gnu++14";
				CLANG_CXX_LIBRARY = "libc++";
				CLANG_ENABLE_MODULES = YES;
				CLANG_ENABLE_OBJC_ARC = YES;
				CLANG_WARN_BLOCK_CAPTURE_AUTORELEASING = YES;
				CLANG_WARN_BOOL_CONVERSION = YES;
				CLANG_WARN_COMMA = YES;
				CLANG_WARN_CONSTANT_CONVERSION = YES;
				CLANG_WARN_DIRECT_OBJC_ISA_USAGE = YES_ERROR;
				CLANG_WARN_DOCUMENTATION_COMMENTS = YES;
				CLANG_WARN_EMPTY_BODY = YES;
				CLANG_WARN_ENUM_CONVERSION = YES;
				CLANG_WARN_INFINITE_RECURSION = YES;
				CLANG_WARN_INT_CONVERSION = YES;
				CLANG_WARN_NON_LITERAL_NULL_CONVERSION = YES;
				CLANG_WARN_OBJC_LITERAL_CONVERSION = YES;
				CLANG_WARN_OBJC_ROOT_CLASS = YES_ERROR;
				CLANG_WARN_RANGE_LOOP_ANALYSIS = YES;
				CLANG_WARN_STRICT_PROTOTYPES = YES;
				CLANG_WARN_SUSPICIOUS_MOVE = YES;
				CLANG_WARN_UNGUARDED_AVAILABILITY = YES_AGGRESSIVE;
				CLANG_WARN_UNREACHABLE_CODE = YES;
				CLANG_WARN__DUPLICATE_METHOD_MATCH = YES;
				CODE_SIGN_IDENTITY = "iPhone Developer";
				COPY_PHASE_STRIP = NO;
				DEBUG_INFORMATION_FORMAT = "dwarf-with-dsym";
				ENABLE_NS_ASSERTIONS = NO;
				ENABLE_STRICT_OBJC_MSGSEND = YES;
				GCC_C_LANGUAGE_STANDARD = gnu11;
				GCC_NO_COMMON_BLOCKS = YES;
				GCC_WARN_64_TO_32_BIT_CONVERSION = YES;
				GCC_WARN_ABOUT_RETURN_TYPE = YES_ERROR;
				GCC_WARN_UNDECLARED_SELECTOR = YES;
				GCC_WARN_UNINITIALIZED_AUTOS = YES_AGGRESSIVE;
				GCC_WARN_UNUSED_FUNCTION = YES;
				GCC_WARN_UNUSED_VARIABLE = YES;
				IPHONEOS_DEPLOYMENT_TARGET = 11.2;
				MTL_ENABLE_DEBUG_INFO = NO;
				SDKROOT = iphoneos;
				VALIDATE_PRODUCT = YES;
			};
			name = Release;
		};
		96B503881FEB62D500977BA2 /* Debug */ = {
			isa = XCBuildConfiguration;
			buildSettings = {
				ASSETCATALOG_COMPILER_APPICON_NAME = AppIcon;
				CODE_SIGN_STYLE = Automatic;
				DEVELOPMENT_TEAM = UP724GFX7H;
				INFOPLIST_FILE = YJJingDongAddressDemo/Info.plist;
				IPHONEOS_DEPLOYMENT_TARGET = 10.0;
				LD_RUNPATH_SEARCH_PATHS = "$(inherited) @executable_path/Frameworks";
				PRODUCT_BUNDLE_IDENTIFIER = YJ.YJJingDongAddressDemo;
				PRODUCT_NAME = "$(TARGET_NAME)";
				TARGETED_DEVICE_FAMILY = "1,2";
			};
			name = Debug;
		};
		96B503891FEB62D500977BA2 /* Release */ = {
			isa = XCBuildConfiguration;
			buildSettings = {
				ASSETCATALOG_COMPILER_APPICON_NAME = AppIcon;
				CODE_SIGN_STYLE = Automatic;
				DEVELOPMENT_TEAM = UP724GFX7H;
				INFOPLIST_FILE = YJJingDongAddressDemo/Info.plist;
				IPHONEOS_DEPLOYMENT_TARGET = 10.0;
				LD_RUNPATH_SEARCH_PATHS = "$(inherited) @executable_path/Frameworks";
				PRODUCT_BUNDLE_IDENTIFIER = YJ.YJJingDongAddressDemo;
				PRODUCT_NAME = "$(TARGET_NAME)";
				TARGETED_DEVICE_FAMILY = "1,2";
			};
			name = Release;
		};
		96B5038B1FEB62D500977BA2 /* Debug */ = {
			isa = XCBuildConfiguration;
			buildSettings = {
				BUNDLE_LOADER = "$(TEST_HOST)";
				CODE_SIGN_STYLE = Automatic;
				INFOPLIST_FILE = YJJingDongAddressDemoTests/Info.plist;
				LD_RUNPATH_SEARCH_PATHS = "$(inherited) @executable_path/Frameworks @loader_path/Frameworks";
				PRODUCT_BUNDLE_IDENTIFIER = YJ.YJJingDongAddressDemoTests;
				PRODUCT_NAME = "$(TARGET_NAME)";
				TARGETED_DEVICE_FAMILY = "1,2";
				TEST_HOST = "$(BUILT_PRODUCTS_DIR)/YJJingDongAddressDemo.app/YJJingDongAddressDemo";
			};
			name = Debug;
		};
		96B5038C1FEB62D500977BA2 /* Release */ = {
			isa = XCBuildConfiguration;
			buildSettings = {
				BUNDLE_LOADER = "$(TEST_HOST)";
				CODE_SIGN_STYLE = Automatic;
				INFOPLIST_FILE = YJJingDongAddressDemoTests/Info.plist;
				LD_RUNPATH_SEARCH_PATHS = "$(inherited) @executable_path/Frameworks @loader_path/Frameworks";
				PRODUCT_BUNDLE_IDENTIFIER = YJ.YJJingDongAddressDemoTests;
				PRODUCT_NAME = "$(TARGET_NAME)";
				TARGETED_DEVICE_FAMILY = "1,2";
				TEST_HOST = "$(BUILT_PRODUCTS_DIR)/YJJingDongAddressDemo.app/YJJingDongAddressDemo";
			};
			name = Release;
		};
		96B5038E1FEB62D500977BA2 /* Debug */ = {
			isa = XCBuildConfiguration;
			buildSettings = {
				CODE_SIGN_STYLE = Automatic;
				INFOPLIST_FILE = YJJingDongAddressDemoUITests/Info.plist;
				LD_RUNPATH_SEARCH_PATHS = "$(inherited) @executable_path/Frameworks @loader_path/Frameworks";
				PRODUCT_BUNDLE_IDENTIFIER = YJ.YJJingDongAddressDemoUITests;
				PRODUCT_NAME = "$(TARGET_NAME)";
				TARGETED_DEVICE_FAMILY = "1,2";
				TEST_TARGET_NAME = YJJingDongAddressDemo;
			};
			name = Debug;
		};
		96B5038F1FEB62D500977BA2 /* Release */ = {
			isa = XCBuildConfiguration;
			buildSettings = {
				CODE_SIGN_STYLE = Automatic;
				INFOPLIST_FILE = YJJingDongAddressDemoUITests/Info.plist;
				LD_RUNPATH_SEARCH_PATHS = "$(inherited) @executable_path/Frameworks @loader_path/Frameworks";
				PRODUCT_BUNDLE_IDENTIFIER = YJ.YJJingDongAddressDemoUITests;
				PRODUCT_NAME = "$(TARGET_NAME)";
				TARGETED_DEVICE_FAMILY = "1,2";
				TEST_TARGET_NAME = YJJingDongAddressDemo;
			};
			name = Release;
		};
/* End XCBuildConfiguration section */

/* Begin XCConfigurationList section */
		96B503561FEB62D500977BA2 /* Build configuration list for PBXProject "YJJingDongAddressDemo" */ = {
			isa = XCConfigurationList;
			buildConfigurations = (
				96B503851FEB62D500977BA2 /* Debug */,
				96B503861FEB62D500977BA2 /* Release */,
			);
			defaultConfigurationIsVisible = 0;
			defaultConfigurationName = Release;
		};
		96B503871FEB62D500977BA2 /* Build configuration list for PBXNativeTarget "YJJingDongAddressDemo" */ = {
			isa = XCConfigurationList;
			buildConfigurations = (
				96B503881FEB62D500977BA2 /* Debug */,
				96B503891FEB62D500977BA2 /* Release */,
			);
			defaultConfigurationIsVisible = 0;
			defaultConfigurationName = Release;
		};
		96B5038A1FEB62D500977BA2 /* Build configuration list for PBXNativeTarget "YJJingDongAddressDemoTests" */ = {
			isa = XCConfigurationList;
			buildConfigurations = (
				96B5038B1FEB62D500977BA2 /* Debug */,
				96B5038C1FEB62D500977BA2 /* Release */,
			);
			defaultConfigurationIsVisible = 0;
			defaultConfigurationName = Release;
		};
		96B5038D1FEB62D500977BA2 /* Build configuration list for PBXNativeTarget "YJJingDongAddressDemoUITests" */ = {
			isa = XCConfigurationList;
			buildConfigurations = (
				96B5038E1FEB62D500977BA2 /* Debug */,
				96B5038F1FEB62D500977BA2 /* Release */,
			);
			defaultConfigurationIsVisible = 0;
			defaultConfigurationName = Release;
		};
/* End XCConfigurationList section */
	};
	rootObject = 96B503531FEB62D500977BA2 /* Project object */;
}
